
Microsoft Visual Studio Solution File, Format Version 12.00
# Visual Studio Version 17
VisualStudioVersion = 17.0.31903.59
MinimumVisualStudioVersion = 10.0.40219.1
Project("{2150E333-8FDC-42A3-9474-1A3956D46DE8}") = "src", "src", "{827E0CD3-B72D-47B6-A68D-7590B98EB39B}"
EndProject
Project("{FAE04EC0-301F-11D3-BF4B-00C04F79EFBC}") = "Maple.Enums", "src\Maple.Enums\Maple.Enums.csproj", "{23FEB371-E1B6-4355-9F96-5A493827A567}"
EndProject
Project("{FAE04EC0-301F-11D3-BF4B-00C04F79EFBC}") = "Maple.Enums.Test", "src\Maple.Enums.Test\Maple.Enums.Test.csproj", "{22E5859B-1154-4C5B-A268-6FC4B6D2EAD9}"
EndProject
Project("{FAE04EC0-301F-11D3-BF4B-00C04F79EFBC}") = "Maple.Enums.XyzTest", "src\Maple.Enums.XyzTest\Maple.Enums.XyzTest.csproj", "{5DD87781-C193-46BE-9F0A-831200FE6A22}"
EndProject
Project("{FAE04EC0-301F-11D3-BF4B-00C04F79EFBC}") = "Maple.Enums.Benchmarks", "src\Maple.Enums.Benchmarks\Maple.Enums.Benchmarks.csproj", "{382FD425-C844-42A2-B5DA-7B886A2E117F}"
EndProject
Project("{FAE04EC0-301F-11D3-BF4B-00C04F79EFBC}") = "Maple.Enums.ComparisonBenchmarks", "src\Maple.Enums.ComparisonBenchmarks\Maple.Enums.ComparisonBenchmarks.csproj", "{D7A8B91B-FFC7-41DB-AF34-B077B58AFE91}"
EndProject
Project("{FAE04EC0-301F-11D3-BF4B-00C04F79EFBC}") = "Maple.Enums.Tester", "src\Maple.Enums.Tester\Maple.Enums.Tester.csproj", "{7B63484C-5736-4404-BF30-3CA775A064D0}"
EndProject
Global
	GlobalSection(SolutionConfigurationPlatforms) = preSolution
		Debug|Any CPU = Debug|Any CPU
		Debug|x64 = Debug|x64
		Debug|x86 = Debug|x86
		Release|Any CPU = Release|Any CPU
		Release|x64 = Release|x64
		Release|x86 = Release|x86
	EndGlobalSection
	GlobalSection(ProjectConfigurationPlatforms) = postSolution
		{23FEB371-E1B6-4355-9F96-5A493827A567}.Debug|Any CPU.ActiveCfg = Debug|Any CPU
		{23FEB371-E1B6-4355-9F96-5A493827A567}.Debug|Any CPU.Build.0 = Debug|Any CPU
		{23FEB371-E1B6-4355-9F96-5A493827A567}.Debug|x64.ActiveCfg = Debug|Any CPU
		{23FEB371-E1B6-4355-9F96-5A493827A567}.Debug|x64.Build.0 = Debug|Any CPU
		{23FEB371-E1B6-4355-9F96-5A493827A567}.Debug|x86.ActiveCfg = Debug|Any CPU
		{23FEB371-E1B6-4355-9F96-5A493827A567}.Debug|x86.Build.0 = Debug|Any CPU
		{23FEB371-E1B6-4355-9F96-5A493827A567}.Release|Any CPU.ActiveCfg = Release|Any CPU
		{23FEB371-E1B6-4355-9F96-5A493827A567}.Release|Any CPU.Build.0 = Release|Any CPU
		{23FEB371-E1B6-4355-9F96-5A493827A567}.Release|x64.ActiveCfg = Release|Any CPU
		{23FEB371-E1B6-4355-9F96-5A493827A567}.Release|x64.Build.0 = Release|Any CPU
		{23FEB371-E1B6-4355-9F96-5A493827A567}.Release|x86.ActiveCfg = Release|Any CPU
		{23FEB371-E1B6-4355-9F96-5A493827A567}.Release|x86.Build.0 = Release|Any CPU
		{22E5859B-1154-4C5B-A268-6FC4B6D2EAD9}.Debug|Any CPU.ActiveCfg = Debug|Any CPU
		{22E5859B-1154-4C5B-A268-6FC4B6D2EAD9}.Debug|Any CPU.Build.0 = Debug|Any CPU
		{22E5859B-1154-4C5B-A268-6FC4B6D2EAD9}.Debug|x64.ActiveCfg = Debug|Any CPU
		{22E5859B-1154-4C5B-A268-6FC4B6D2EAD9}.Debug|x64.Build.0 = Debug|Any CPU
		{22E5859B-1154-4C5B-A268-6FC4B6D2EAD9}.Debug|x86.ActiveCfg = Debug|Any CPU
		{22E5859B-1154-4C5B-A268-6FC4B6D2EAD9}.Debug|x86.Build.0 = Debug|Any CPU
		{22E5859B-1154-4C5B-A268-6FC4B6D2EAD9}.Release|Any CPU.ActiveCfg = Release|Any CPU
		{22E5859B-1154-4C5B-A268-6FC4B6D2EAD9}.Release|Any CPU.Build.0 = Release|Any CPU
		{22E5859B-1154-4C5B-A268-6FC4B6D2EAD9}.Release|x64.ActiveCfg = Release|Any CPU
		{22E5859B-1154-4C5B-A268-6FC4B6D2EAD9}.Release|x64.Build.0 = Release|Any CPU
		{22E5859B-1154-4C5B-A268-6FC4B6D2EAD9}.Release|x86.ActiveCfg = Release|Any CPU
		{22E5859B-1154-4C5B-A268-6FC4B6D2EAD9}.Release|x86.Build.0 = Release|Any CPU
		{5DD87781-C193-46BE-9F0A-831200FE6A22}.Debug|Any CPU.ActiveCfg = Debug|Any CPU
		{5DD87781-C193-46BE-9F0A-831200FE6A22}.Debug|Any CPU.Build.0 = Debug|Any CPU
		{5DD87781-C193-46BE-9F0A-831200FE6A22}.Debug|x64.ActiveCfg = Debug|Any CPU
		{5DD87781-C193-46BE-9F0A-831200FE6A22}.Debug|x64.Build.0 = Debug|Any CPU
		{5DD87781-C193-46BE-9F0A-831200FE6A22}.Debug|x86.ActiveCfg = Debug|Any CPU
		{5DD87781-C193-46BE-9F0A-831200FE6A22}.Debug|x86.Build.0 = Debug|Any CPU
		{5DD87781-C193-46BE-9F0A-831200FE6A22}.Release|Any CPU.ActiveCfg = Release|Any CPU
		{5DD87781-C193-46BE-9F0A-831200FE6A22}.Release|Any CPU.Build.0 = Release|Any CPU
		{5DD87781-C193-46BE-9F0A-831200FE6A22}.Release|x64.ActiveCfg = Release|Any CPU
		{5DD87781-C193-46BE-9F0A-831200FE6A22}.Release|x64.Build.0 = Release|Any CPU
		{5DD87781-C193-46BE-9F0A-831200FE6A22}.Release|x86.ActiveCfg = Release|Any CPU
		{5DD87781-C193-46BE-9F0A-831200FE6A22}.Release|x86.Build.0 = Release|Any CPU
		{382FD425-C844-42A2-B5DA-7B886A2E117F}.Debug|Any CPU.ActiveCfg = Debug|Any CPU
		{382FD425-C844-42A2-B5DA-7B886A2E117F}.Debug|Any CPU.Build.0 = Debug|Any CPU
		{382FD425-C844-42A2-B5DA-7B886A2E117F}.Debug|x64.ActiveCfg = Debug|Any CPU
		{382FD425-C844-42A2-B5DA-7B886A2E117F}.Debug|x64.Build.0 = Debug|Any CPU
		{382FD425-C844-42A2-B5DA-7B886A2E117F}.Debug|x86.ActiveCfg = Debug|Any CPU
		{382FD425-C844-42A2-B5DA-7B886A2E117F}.Debug|x86.Build.0 = Debug|Any CPU
		{382FD425-C844-42A2-B5DA-7B886A2E117F}.Release|Any CPU.ActiveCfg = Release|Any CPU
		{382FD425-C844-42A2-B5DA-7B886A2E117F}.Release|Any CPU.Build.0 = Release|Any CPU
		{382FD425-C844-42A2-B5DA-7B886A2E117F}.Release|x64.ActiveCfg = Release|Any CPU
		{382FD425-C844-42A2-B5DA-7B886A2E117F}.Release|x64.Build.0 = Release|Any CPU
		{382FD425-C844-42A2-B5DA-7B886A2E117F}.Release|x86.ActiveCfg = Release|Any CPU
		{382FD425-C844-42A2-B5DA-7B886A2E117F}.Release|x86.Build.0 = Release|Any CPU
		{D7A8B91B-FFC7-41DB-AF34-B077B58AFE91}.Debug|Any CPU.ActiveCfg = Debug|Any CPU
		{D7A8B91B-FFC7-41DB-AF34-B077B58AFE91}.Debug|Any CPU.Build.0 = Debug|Any CPU
		{D7A8B91B-FFC7-41DB-AF34-B077B58AFE91}.Debug|x64.ActiveCfg = Debug|Any CPU
		{D7A8B91B-FFC7-41DB-AF34-B077B58AFE91}.Debug|x64.Build.0 = Debug|Any CPU
		{D7A8B91B-FFC7-41DB-AF34-B077B58AFE91}.Debug|x86.ActiveCfg = Debug|Any CPU
		{D7A8B91B-FFC7-41DB-AF34-B077B58AFE91}.Debug|x86.Build.0 = Debug|Any CPU
		{D7A8B91B-FFC7-41DB-AF34-B077B58AFE91}.Release|Any CPU.ActiveCfg = Release|Any CPU
		{D7A8B91B-FFC7-41DB-AF34-B077B58AFE91}.Release|Any CPU.Build.0 = Release|Any CPU
		{D7A8B91B-FFC7-41DB-AF34-B077B58AFE91}.Release|x64.ActiveCfg = Release|Any CPU
		{D7A8B91B-FFC7-41DB-AF34-B077B58AFE91}.Release|x64.Build.0 = Release|Any CPU
		{D7A8B91B-FFC7-41DB-AF34-B077B58AFE91}.Release|x86.ActiveCfg = Release|Any CPU
		{D7A8B91B-FFC7-41DB-AF34-B077B58AFE91}.Release|x86.Build.0 = Release|Any CPU
		{7B63484C-5736-4404-BF30-3CA775A064D0}.Debug|Any CPU.ActiveCfg = Debug|Any CPU
		{7B63484C-5736-4404-BF30-3CA775A064D0}.Debug|Any CPU.Build.0 = Debug|Any CPU
		{7B63484C-5736-4404-BF30-3CA775A064D0}.Debug|x64.ActiveCfg = Debug|Any CPU
		{7B63484C-5736-4404-BF30-3CA775A064D0}.Debug|x64.Build.0 = Debug|Any CPU
		{7B63484C-5736-4404-BF30-3CA775A064D0}.Debug|x86.ActiveCfg = Debug|Any CPU
		{7B63484C-5736-4404-BF30-3CA775A064D0}.Debug|x86.Build.0 = Debug|Any CPU
		{7B63484C-5736-4404-BF30-3CA775A064D0}.Release|Any CPU.ActiveCfg = Release|Any CPU
		{7B63484C-5736-4404-BF30-3CA775A064D0}.Release|Any CPU.Build.0 = Release|Any CPU
		{7B63484C-5736-4404-BF30-3CA775A064D0}.Release|x64.ActiveCfg = Release|Any CPU
		{7B63484C-5736-4404-BF30-3CA775A064D0}.Release|x64.Build.0 = Release|Any CPU
		{7B63484C-5736-4404-BF30-3CA775A064D0}.Release|x86.ActiveCfg = Release|Any CPU
		{7B63484C-5736-4404-BF30-3CA775A064D0}.Release|x86.Build.0 = Release|Any CPU
	EndGlobalSection
	GlobalSection(SolutionProperties) = preSolution
		HideSolutionNode = FALSE
	EndGlobalSection
	GlobalSection(NestedProjects) = preSolution
		{23FEB371-E1B6-4355-9F96-5A493827A567} = {827E0CD3-B72D-47B6-A68D-7590B98EB39B}
		{22E5859B-1154-4C5B-A268-6FC4B6D2EAD9} = {827E0CD3-B72D-47B6-A68D-7590B98EB39B}
		{5DD87781-C193-46BE-9F0A-831200FE6A22} = {827E0CD3-B72D-47B6-A68D-7590B98EB39B}
		{382FD425-C844-42A2-B5DA-7B886A2E117F} = {827E0CD3-B72D-47B6-A68D-7590B98EB39B}
		{D7A8B91B-FFC7-41DB-AF34-B077B58AFE91} = {827E0CD3-B72D-47B6-A68D-7590B98EB39B}
		{7B63484C-5736-4404-BF30-3CA775A064D0} = {827E0CD3-B72D-47B6-A68D-7590B98EB39B}
	EndGlobalSection
EndGlobal
